{
  "nodes": {
    "devenv": {
      "locked": {
        "dir": "src/modules",
        "lastModified": 1783109842,
        "narHash": "sha256-Fi7lW+sg1ChduOOQRBCK5JeA1cw4x5wSjIJcppRGGqQ=",
        "ref": "refs/heads/main",
        "rev": "e30eb49258bee68353bd9c619823f635f4afa86c",
        "revCount": 6819,
        "type": "git",
        "url": "https://github.com/cachix/devenv"
      },
      "original": {
        "dir": "src/modules",
        "ref": "refs/heads/main",
        "rev": "e30eb49258bee68353bd9c619823f635f4afa86c",
        "type": "git",
        "url": "https://github.com/cachix/devenv"
      }
    },
    "flake-compat": {
      "flake": false,
      "locked": {
        "lastModified": 1767039857,
        "narHash": "sha256-vNpUSpF5Nuw8xvDLj2KCwwksIbjua2LZCqhV1LNRDns=",
        "rev": "5edf11c44bc78a0d334f6334cdaf7d60d732daab",
        "type": "git",
        "url": "https://github.com/NixOS/flake-compat"
      },
      "original": {
        "type": "git",
        "url": "https://github.com/NixOS/flake-compat"
      }
    },
    "git-hooks": {
      "inputs": {
        "flake-compat": "flake-compat",
        "gitignore": "gitignore",
        "nixpkgs": [
          "nixpkgs"
        ]
      },
      "locked": {
        "lastModified": 1776796298,
        "narHash": "sha256-PcRvlWayisPSjd0UcRQbhG8Oqw78AcPE6x872cPRHN8=",
        "rev": "3cfd774b0a530725a077e17354fbdb87ea1c4aad",
        "type": "git",
        "url": "https://github.com/cachix/git-hooks.nix"
      },
      "original": {
        "type": "git",
        "url": "https://github.com/cachix/git-hooks.nix"
      }
    },
    "gitignore": {
      "inputs": {
        "nixpkgs": [
          "git-hooks",
          "nixpkgs"
        ]
      },
      "locked": {
        "lastModified": 1709087332,
        "narHash": "sha256-HG2cCnktfHsKV0s4XW83gU3F57gaTljL9KNSuG6bnQs=",
        "rev": "637db329424fd7e46cf4185293b9cc8c88c95394",
        "type": "git",
        "url": "https://github.com/hercules-ci/gitignore.nix"
      },
      "original": {
        "type": "git",
        "url": "https://github.com/hercules-ci/gitignore.nix"
      }
    },
    "nixpkgs": {
      "locked": {
        "lastModified": 1776329215,
        "narHash": "sha256-a8BYi3mzoJ/AcJP8UldOx8emoPRLeWqALZWu4ZvjPXw=",
        "rev": "b86751bc4085f48661017fa226dee99fab6c651b",
        "type": "git",
        "url": "https://github.com/NixOS/nixpkgs"
      },
      "original": {
        "ref": "nixpkgs-unstable",
        "type": "git",
        "url": "https://github.com/NixOS/nixpkgs"
      }
    },
    "root": {
      "inputs": {
        "devenv": "devenv",
        "git-hooks": "git-hooks",
        "nixpkgs": "nixpkgs"
      }
    }
  },
  "root": "root",
  "version": 7
}