{
  "lockfileVersion": 1,
  "configVersion": 1,
  "workspaces": {
    "": {
      "name": "shadcn-boilerplate-e2e-ccr",
      "devDependencies": {
        "playwright-core": "1.56.0",
      },
    },
  },
  "packages": {
    "playwright-core": ["playwright-core@1.56.0", "", { "bin": { "playwright-core": "cli.js" } }, "sha512-1SXl7pMfemAMSDn5rkPeZljxOCYAmQnYLBTExuh6E8USHXGSX3dx6lYZN/xPpTz1vimXmPA9CDnILvmJaB8aSQ=="],
  }
}
